
Microsoft Visual Studio Solution File, Format Version 12.00
# Visual Studio 15
VisualStudioVersion = 15.0.27428.2011
MinimumVisualStudioVersion = 10.0.40219.1
Project("{FAE04EC0-301F-11D3-BF4B-00C04F79EFBC}") = "Plugin.SetBadge.iOS", "Badge\Plugin.Badge.iOS\Plugin.SetBadge.iOS.csproj", "{2882AEEB-D4CD-4EB9-8A6C-6653B33681F0}"
EndProject
Project("{FAE04EC0-301F-11D3-BF4B-00C04F79EFBC}") = "Plugin.SetBadge.Android", "Badge\Plugin.Badge.Android\Plugin.SetBadge.Android.csproj", "{56A56F17-7DE1-4CA1-9617-BF32E971AC84}"
EndProject
Project("{FAE04EC0-301F-11D3-BF4B-00C04F79EFBC}") = "Plugin.SetBadge.UWP", "Badge\Plugin.Badge.UWP\Plugin.SetBadge.UWP.csproj", "{E34B516D-C0D8-450F-9DB0-BB6A5B04AEF1}"
EndProject
Project("{FAE04EC0-301F-11D3-BF4B-00C04F79EFBC}") = "Demo.Droid", "Demo.Droid\Demo.Droid.csproj", "{54652365-DE93-46F9-B750-D320B9288C48}"
EndProject
Project("{FAE04EC0-301F-11D3-BF4B-00C04F79EFBC}") = "Demo.iOS", "Demo.iOS\Demo.iOS.csproj", "{418FC1DA-C7DA-4D67-9DB8-ACE44471BF56}"
EndProject
Project("{9A19103F-16F7-4668-BE54-9A1E7A4F7556}") = "Plugin.SetBadge", "Badge\Plugin.Badge\Plugin.SetBadge.csproj", "{86A6175D-0FE2-4364-9D98-516E78D7D4E0}"
EndProject
Project("{9A19103F-16F7-4668-BE54-9A1E7A4F7556}") = "Plugin.SetBadge.Abstractions", "Badge\Plugin.Badge.Abstractions\Plugin.SetBadge.Abstractions.csproj", "{27F5F614-3609-4847-AA36-9F4CF78B1FAF}"
EndProject
Global
	GlobalSection(SolutionConfigurationPlatforms) = preSolution
		Debug|Any CPU = Debug|Any CPU
		Debug|ARM = Debug|ARM
		Debug|iPhone = Debug|iPhone
		Debug|iPhoneSimulator = Debug|iPhoneSimulator
		Debug|x64 = Debug|x64
		Debug|x86 = Debug|x86
		Release|Any CPU = Release|Any CPU
		Release|ARM = Release|ARM
		Release|iPhone = Release|iPhone
		Release|iPhoneSimulator = Release|iPhoneSimulator
		Release|x64 = Release|x64
		Release|x86 = Release|x86
	EndGlobalSection
	GlobalSection(ProjectConfigurationPlatforms) = postSolution
		{2882AEEB-D4CD-4EB9-8A6C-6653B33681F0}.Debug|Any CPU.ActiveCfg = Debug|Any CPU
		{2882AEEB-D4CD-4EB9-8A6C-6653B33681F0}.Debug|Any CPU.Build.0 = Debug|Any CPU
		{2882AEEB-D4CD-4EB9-8A6C-6653B33681F0}.Debug|ARM.ActiveCfg = Debug|Any CPU
		{2882AEEB-D4CD-4EB9-8A6C-6653B33681F0}.Debug|ARM.Build.0 = Debug|Any CPU
		{2882AEEB-D4CD-4EB9-8A6C-6653B33681F0}.Debug|iPhone.ActiveCfg = Debug|Any CPU
		{2882AEEB-D4CD-4EB9-8A6C-6653B33681F0}.Debug|iPhone.Build.0 = Debug|Any CPU
		{2882AEEB-D4CD-4EB9-8A6C-6653B33681F0}.Debug|iPhoneSimulator.ActiveCfg = Debug|Any CPU
		{2882AEEB-D4CD-4EB9-8A6C-6653B33681F0}.Debug|iPhoneSimulator.Build.0 = Debug|Any CPU
		{2882AEEB-D4CD-4EB9-8A6C-6653B33681F0}.Debug|x64.ActiveCfg = Debug|Any CPU
		{2882AEEB-D4CD-4EB9-8A6C-6653B33681F0}.Debug|x64.Build.0 = Debug|Any CPU
		{2882AEEB-D4CD-4EB9-8A6C-6653B33681F0}.Debug|x86.ActiveCfg = Debug|Any CPU
		{2882AEEB-D4CD-4EB9-8A6C-6653B33681F0}.Debug|x86.Build.0 = Debug|Any CPU
		{2882AEEB-D4CD-4EB9-8A6C-6653B33681F0}.Release|Any CPU.ActiveCfg = Release|Any CPU
		{2882AEEB-D4CD-4EB9-8A6C-6653B33681F0}.Release|Any CPU.Build.0 = Release|Any CPU
		{2882AEEB-D4CD-4EB9-8A6C-6653B33681F0}.Release|ARM.ActiveCfg = Release|Any CPU
		{2882AEEB-D4CD-4EB9-8A6C-6653B33681F0}.Release|ARM.Build.0 = Release|Any CPU
		{2882AEEB-D4CD-4EB9-8A6C-6653B33681F0}.Release|iPhone.ActiveCfg = Release|Any CPU
		{2882AEEB-D4CD-4EB9-8A6C-6653B33681F0}.Release|iPhone.Build.0 = Release|Any CPU
		{2882AEEB-D4CD-4EB9-8A6C-6653B33681F0}.Release|iPhoneSimulator.ActiveCfg = Release|Any CPU
		{2882AEEB-D4CD-4EB9-8A6C-6653B33681F0}.Release|iPhoneSimulator.Build.0 = Release|Any CPU
		{2882AEEB-D4CD-4EB9-8A6C-6653B33681F0}.Release|x64.ActiveCfg = Release|Any CPU
		{2882AEEB-D4CD-4EB9-8A6C-6653B33681F0}.Release|x64.Build.0 = Release|Any CPU
		{2882AEEB-D4CD-4EB9-8A6C-6653B33681F0}.Release|x86.ActiveCfg = Release|Any CPU
		{2882AEEB-D4CD-4EB9-8A6C-6653B33681F0}.Release|x86.Build.0 = Release|Any CPU
		{56A56F17-7DE1-4CA1-9617-BF32E971AC84}.Debug|Any CPU.ActiveCfg = Debug|Any CPU
		{56A56F17-7DE1-4CA1-9617-BF32E971AC84}.Debug|Any CPU.Build.0 = Debug|Any CPU
		{56A56F17-7DE1-4CA1-9617-BF32E971AC84}.Debug|ARM.ActiveCfg = Debug|Any CPU
		{56A56F17-7DE1-4CA1-9617-BF32E971AC84}.Debug|ARM.Build.0 = Debug|Any CPU
		{56A56F17-7DE1-4CA1-9617-BF32E971AC84}.Debug|iPhone.ActiveCfg = Debug|Any CPU
		{56A56F17-7DE1-4CA1-9617-BF32E971AC84}.Debug|iPhone.Build.0 = Debug|Any CPU
		{56A56F17-7DE1-4CA1-9617-BF32E971AC84}.Debug|iPhoneSimulator.ActiveCfg = Debug|Any CPU
		{56A56F17-7DE1-4CA1-9617-BF32E971AC84}.Debug|iPhoneSimulator.Build.0 = Debug|Any CPU
		{56A56F17-7DE1-4CA1-9617-BF32E971AC84}.Debug|x64.ActiveCfg = Debug|Any CPU
		{56A56F17-7DE1-4CA1-9617-BF32E971AC84}.Debug|x64.Build.0 = Debug|Any CPU
		{56A56F17-7DE1-4CA1-9617-BF32E971AC84}.Debug|x86.ActiveCfg = Debug|Any CPU
		{56A56F17-7DE1-4CA1-9617-BF32E971AC84}.Debug|x86.Build.0 = Debug|Any CPU
		{56A56F17-7DE1-4CA1-9617-BF32E971AC84}.Release|Any CPU.ActiveCfg = Release|Any CPU
		{56A56F17-7DE1-4CA1-9617-BF32E971AC84}.Release|Any CPU.Build.0 = Release|Any CPU
		{56A56F17-7DE1-4CA1-9617-BF32E971AC84}.Release|ARM.ActiveCfg = Release|Any CPU
		{56A56F17-7DE1-4CA1-9617-BF32E971AC84}.Release|ARM.Build.0 = Release|Any CPU
		{56A56F17-7DE1-4CA1-9617-BF32E971AC84}.Release|iPhone.ActiveCfg = Release|Any CPU
		{56A56F17-7DE1-4CA1-9617-BF32E971AC84}.Release|iPhone.Build.0 = Release|Any CPU
		{56A56F17-7DE1-4CA1-9617-BF32E971AC84}.Release|iPhoneSimulator.ActiveCfg = Release|Any CPU
		{56A56F17-7DE1-4CA1-9617-BF32E971AC84}.Release|iPhoneSimulator.Build.0 = Release|Any CPU
		{56A56F17-7DE1-4CA1-9617-BF32E971AC84}.Release|x64.ActiveCfg = Release|Any CPU
		{56A56F17-7DE1-4CA1-9617-BF32E971AC84}.Release|x64.Build.0 = Release|Any CPU
		{56A56F17-7DE1-4CA1-9617-BF32E971AC84}.Release|x86.ActiveCfg = Release|Any CPU
		{56A56F17-7DE1-4CA1-9617-BF32E971AC84}.Release|x86.Build.0 = Release|Any CPU
		{E34B516D-C0D8-450F-9DB0-BB6A5B04AEF1}.Debug|Any CPU.ActiveCfg = Debug|Any CPU
		{E34B516D-C0D8-450F-9DB0-BB6A5B04AEF1}.Debug|Any CPU.Build.0 = Debug|Any CPU
		{E34B516D-C0D8-450F-9DB0-BB6A5B04AEF1}.Debug|ARM.ActiveCfg = Debug|ARM
		{E34B516D-C0D8-450F-9DB0-BB6A5B04AEF1}.Debug|ARM.Build.0 = Debug|ARM
		{E34B516D-C0D8-450F-9DB0-BB6A5B04AEF1}.Debug|iPhone.ActiveCfg = Debug|Any CPU
		{E34B516D-C0D8-450F-9DB0-BB6A5B04AEF1}.Debug|iPhone.Build.0 = Debug|Any CPU
		{E34B516D-C0D8-450F-9DB0-BB6A5B04AEF1}.Debug|iPhoneSimulator.ActiveCfg = Debug|Any CPU
		{E34B516D-C0D8-450F-9DB0-BB6A5B04AEF1}.Debug|iPhoneSimulator.Build.0 = Debug|Any CPU
		{E34B516D-C0D8-450F-9DB0-BB6A5B04AEF1}.Debug|x64.ActiveCfg = Debug|x64
		{E34B516D-C0D8-450F-9DB0-BB6A5B04AEF1}.Debug|x64.Build.0 = Debug|x64
		{E34B516D-C0D8-450F-9DB0-BB6A5B04AEF1}.Debug|x86.ActiveCfg = Debug|x86
		{E34B516D-C0D8-450F-9DB0-BB6A5B04AEF1}.Debug|x86.Build.0 = Debug|x86
		{E34B516D-C0D8-450F-9DB0-BB6A5B04AEF1}.Release|Any CPU.ActiveCfg = Release|Any CPU
		{E34B516D-C0D8-450F-9DB0-BB6A5B04AEF1}.Release|Any CPU.Build.0 = Release|Any CPU
		{E34B516D-C0D8-450F-9DB0-BB6A5B04AEF1}.Release|ARM.ActiveCfg = Release|ARM
		{E34B516D-C0D8-450F-9DB0-BB6A5B04AEF1}.Release|ARM.Build.0 = Release|ARM
		{E34B516D-C0D8-450F-9DB0-BB6A5B04AEF1}.Release|iPhone.ActiveCfg = Release|Any CPU
		{E34B516D-C0D8-450F-9DB0-BB6A5B04AEF1}.Release|iPhone.Build.0 = Release|Any CPU
		{E34B516D-C0D8-450F-9DB0-BB6A5B04AEF1}.Release|iPhoneSimulator.ActiveCfg = Release|Any CPU
		{E34B516D-C0D8-450F-9DB0-BB6A5B04AEF1}.Release|iPhoneSimulator.Build.0 = Release|Any CPU
		{E34B516D-C0D8-450F-9DB0-BB6A5B04AEF1}.Release|x64.ActiveCfg = Release|x64
		{E34B516D-C0D8-450F-9DB0-BB6A5B04AEF1}.Release|x64.Build.0 = Release|x64
		{E34B516D-C0D8-450F-9DB0-BB6A5B04AEF1}.Release|x86.ActiveCfg = Release|x86
		{E34B516D-C0D8-450F-9DB0-BB6A5B04AEF1}.Release|x86.Build.0 = Release|x86
		{54652365-DE93-46F9-B750-D320B9288C48}.Debug|Any CPU.ActiveCfg = Debug|Any CPU
		{54652365-DE93-46F9-B750-D320B9288C48}.Debug|Any CPU.Build.0 = Debug|Any CPU
		{54652365-DE93-46F9-B750-D320B9288C48}.Debug|ARM.ActiveCfg = Debug|Any CPU
		{54652365-DE93-46F9-B750-D320B9288C48}.Debug|ARM.Build.0 = Debug|Any CPU
		{54652365-DE93-46F9-B750-D320B9288C48}.Debug|iPhone.ActiveCfg = Debug|Any CPU
		{54652365-DE93-46F9-B750-D320B9288C48}.Debug|iPhone.Build.0 = Debug|Any CPU
		{54652365-DE93-46F9-B750-D320B9288C48}.Debug|iPhoneSimulator.ActiveCfg = Debug|Any CPU
		{54652365-DE93-46F9-B750-D320B9288C48}.Debug|iPhoneSimulator.Build.0 = Debug|Any CPU
		{54652365-DE93-46F9-B750-D320B9288C48}.Debug|x64.ActiveCfg = Debug|Any CPU
		{54652365-DE93-46F9-B750-D320B9288C48}.Debug|x64.Build.0 = Debug|Any CPU
		{54652365-DE93-46F9-B750-D320B9288C48}.Debug|x86.ActiveCfg = Debug|Any CPU
		{54652365-DE93-46F9-B750-D320B9288C48}.Debug|x86.Build.0 = Debug|Any CPU
		{54652365-DE93-46F9-B750-D320B9288C48}.Release|Any CPU.ActiveCfg = Release|Any CPU
		{54652365-DE93-46F9-B750-D320B9288C48}.Release|Any CPU.Build.0 = Release|Any CPU
		{54652365-DE93-46F9-B750-D320B9288C48}.Release|ARM.ActiveCfg = Release|Any CPU
		{54652365-DE93-46F9-B750-D320B9288C48}.Release|ARM.Build.0 = Release|Any CPU
		{54652365-DE93-46F9-B750-D320B9288C48}.Release|iPhone.ActiveCfg = Release|Any CPU
		{54652365-DE93-46F9-B750-D320B9288C48}.Release|iPhone.Build.0 = Release|Any CPU
		{54652365-DE93-46F9-B750-D320B9288C48}.Release|iPhoneSimulator.ActiveCfg = Release|Any CPU
		{54652365-DE93-46F9-B750-D320B9288C48}.Release|iPhoneSimulator.Build.0 = Release|Any CPU
		{54652365-DE93-46F9-B750-D320B9288C48}.Release|x64.ActiveCfg = Release|Any CPU
		{54652365-DE93-46F9-B750-D320B9288C48}.Release|x64.Build.0 = Release|Any CPU
		{54652365-DE93-46F9-B750-D320B9288C48}.Release|x86.ActiveCfg = Release|Any CPU
		{54652365-DE93-46F9-B750-D320B9288C48}.Release|x86.Build.0 = Release|Any CPU
		{418FC1DA-C7DA-4D67-9DB8-ACE44471BF56}.Debug|Any CPU.ActiveCfg = Debug|iPhoneSimulator
		{418FC1DA-C7DA-4D67-9DB8-ACE44471BF56}.Debug|Any CPU.Build.0 = Debug|iPhoneSimulator
		{418FC1DA-C7DA-4D67-9DB8-ACE44471BF56}.Debug|ARM.ActiveCfg = Debug|iPhoneSimulator
		{418FC1DA-C7DA-4D67-9DB8-ACE44471BF56}.Debug|ARM.Build.0 = Debug|iPhoneSimulator
		{418FC1DA-C7DA-4D67-9DB8-ACE44471BF56}.Debug|iPhone.ActiveCfg = Debug|iPhone
		{418FC1DA-C7DA-4D67-9DB8-ACE44471BF56}.Debug|iPhone.Build.0 = Debug|iPhone
		{418FC1DA-C7DA-4D67-9DB8-ACE44471BF56}.Debug|iPhoneSimulator.ActiveCfg = Debug|iPhoneSimulator
		{418FC1DA-C7DA-4D67-9DB8-ACE44471BF56}.Debug|iPhoneSimulator.Build.0 = Debug|iPhoneSimulator
		{418FC1DA-C7DA-4D67-9DB8-ACE44471BF56}.Debug|x64.ActiveCfg = Debug|iPhoneSimulator
		{418FC1DA-C7DA-4D67-9DB8-ACE44471BF56}.Debug|x64.Build.0 = Debug|iPhoneSimulator
		{418FC1DA-C7DA-4D67-9DB8-ACE44471BF56}.Debug|x86.ActiveCfg = Debug|iPhoneSimulator
		{418FC1DA-C7DA-4D67-9DB8-ACE44471BF56}.Debug|x86.Build.0 = Debug|iPhoneSimulator
		{418FC1DA-C7DA-4D67-9DB8-ACE44471BF56}.Release|Any CPU.ActiveCfg = Release|iPhone
		{418FC1DA-C7DA-4D67-9DB8-ACE44471BF56}.Release|Any CPU.Build.0 = Release|iPhone
		{418FC1DA-C7DA-4D67-9DB8-ACE44471BF56}.Release|ARM.ActiveCfg = Release|iPhone
		{418FC1DA-C7DA-4D67-9DB8-ACE44471BF56}.Release|ARM.Build.0 = Release|iPhone
		{418FC1DA-C7DA-4D67-9DB8-ACE44471BF56}.Release|iPhone.ActiveCfg = Release|iPhone
		{418FC1DA-C7DA-4D67-9DB8-ACE44471BF56}.Release|iPhone.Build.0 = Release|iPhone
		{418FC1DA-C7DA-4D67-9DB8-ACE44471BF56}.Release|iPhoneSimulator.ActiveCfg = Release|iPhoneSimulator
		{418FC1DA-C7DA-4D67-9DB8-ACE44471BF56}.Release|iPhoneSimulator.Build.0 = Release|iPhoneSimulator
		{418FC1DA-C7DA-4D67-9DB8-ACE44471BF56}.Release|x64.ActiveCfg = Release|iPhone
		{418FC1DA-C7DA-4D67-9DB8-ACE44471BF56}.Release|x64.Build.0 = Release|iPhone
		{418FC1DA-C7DA-4D67-9DB8-ACE44471BF56}.Release|x86.ActiveCfg = Release|iPhone
		{418FC1DA-C7DA-4D67-9DB8-ACE44471BF56}.Release|x86.Build.0 = Release|iPhone
		{86A6175D-0FE2-4364-9D98-516E78D7D4E0}.Debug|Any CPU.ActiveCfg = Debug|Any CPU
		{86A6175D-0FE2-4364-9D98-516E78D7D4E0}.Debug|Any CPU.Build.0 = Debug|Any CPU
		{86A6175D-0FE2-4364-9D98-516E78D7D4E0}.Debug|ARM.ActiveCfg = Debug|Any CPU
		{86A6175D-0FE2-4364-9D98-516E78D7D4E0}.Debug|ARM.Build.0 = Debug|Any CPU
		{86A6175D-0FE2-4364-9D98-516E78D7D4E0}.Debug|iPhone.ActiveCfg = Debug|Any CPU
		{86A6175D-0FE2-4364-9D98-516E78D7D4E0}.Debug|iPhone.Build.0 = Debug|Any CPU
		{86A6175D-0FE2-4364-9D98-516E78D7D4E0}.Debug|iPhoneSimulator.ActiveCfg = Debug|Any CPU
		{86A6175D-0FE2-4364-9D98-516E78D7D4E0}.Debug|iPhoneSimulator.Build.0 = Debug|Any CPU
		{86A6175D-0FE2-4364-9D98-516E78D7D4E0}.Debug|x64.ActiveCfg = Debug|Any CPU
		{86A6175D-0FE2-4364-9D98-516E78D7D4E0}.Debug|x64.Build.0 = Debug|Any CPU
		{86A6175D-0FE2-4364-9D98-516E78D7D4E0}.Debug|x86.ActiveCfg = Debug|Any CPU
		{86A6175D-0FE2-4364-9D98-516E78D7D4E0}.Debug|x86.Build.0 = Debug|Any CPU
		{86A6175D-0FE2-4364-9D98-516E78D7D4E0}.Release|Any CPU.ActiveCfg = Release|Any CPU
		{86A6175D-0FE2-4364-9D98-516E78D7D4E0}.Release|Any CPU.Build.0 = Release|Any CPU
		{86A6175D-0FE2-4364-9D98-516E78D7D4E0}.Release|ARM.ActiveCfg = Release|Any CPU
		{86A6175D-0FE2-4364-9D98-516E78D7D4E0}.Release|ARM.Build.0 = Release|Any CPU
		{86A6175D-0FE2-4364-9D98-516E78D7D4E0}.Release|iPhone.ActiveCfg = Release|Any CPU
		{86A6175D-0FE2-4364-9D98-516E78D7D4E0}.Release|iPhone.Build.0 = Release|Any CPU
		{86A6175D-0FE2-4364-9D98-516E78D7D4E0}.Release|iPhoneSimulator.ActiveCfg = Release|Any CPU
		{86A6175D-0FE2-4364-9D98-516E78D7D4E0}.Release|iPhoneSimulator.Build.0 = Release|Any CPU
		{86A6175D-0FE2-4364-9D98-516E78D7D4E0}.Release|x64.ActiveCfg = Release|Any CPU
		{86A6175D-0FE2-4364-9D98-516E78D7D4E0}.Release|x64.Build.0 = Release|Any CPU
		{86A6175D-0FE2-4364-9D98-516E78D7D4E0}.Release|x86.ActiveCfg = Release|Any CPU
		{86A6175D-0FE2-4364-9D98-516E78D7D4E0}.Release|x86.Build.0 = Release|Any CPU
		{27F5F614-3609-4847-AA36-9F4CF78B1FAF}.Debug|Any CPU.ActiveCfg = Debug|Any CPU
		{27F5F614-3609-4847-AA36-9F4CF78B1FAF}.Debug|Any CPU.Build.0 = Debug|Any CPU
		{27F5F614-3609-4847-AA36-9F4CF78B1FAF}.Debug|ARM.ActiveCfg = Debug|Any CPU
		{27F5F614-3609-4847-AA36-9F4CF78B1FAF}.Debug|ARM.Build.0 = Debug|Any CPU
		{27F5F614-3609-4847-AA36-9F4CF78B1FAF}.Debug|iPhone.ActiveCfg = Debug|Any CPU
		{27F5F614-3609-4847-AA36-9F4CF78B1FAF}.Debug|iPhone.Build.0 = Debug|Any CPU
		{27F5F614-3609-4847-AA36-9F4CF78B1FAF}.Debug|iPhoneSimulator.ActiveCfg = Debug|Any CPU
		{27F5F614-3609-4847-AA36-9F4CF78B1FAF}.Debug|iPhoneSimulator.Build.0 = Debug|Any CPU
		{27F5F614-3609-4847-AA36-9F4CF78B1FAF}.Debug|x64.ActiveCfg = Debug|Any CPU
		{27F5F614-3609-4847-AA36-9F4CF78B1FAF}.Debug|x64.Build.0 = Debug|Any CPU
		{27F5F614-3609-4847-AA36-9F4CF78B1FAF}.Debug|x86.ActiveCfg = Debug|Any CPU
		{27F5F614-3609-4847-AA36-9F4CF78B1FAF}.Debug|x86.Build.0 = Debug|Any CPU
		{27F5F614-3609-4847-AA36-9F4CF78B1FAF}.Release|Any CPU.ActiveCfg = Release|Any CPU
		{27F5F614-3609-4847-AA36-9F4CF78B1FAF}.Release|Any CPU.Build.0 = Release|Any CPU
		{27F5F614-3609-4847-AA36-9F4CF78B1FAF}.Release|ARM.ActiveCfg = Release|Any CPU
		{27F5F614-3609-4847-AA36-9F4CF78B1FAF}.Release|ARM.Build.0 = Release|Any CPU
		{27F5F614-3609-4847-AA36-9F4CF78B1FAF}.Release|iPhone.ActiveCfg = Release|Any CPU
		{27F5F614-3609-4847-AA36-9F4CF78B1FAF}.Release|iPhone.Build.0 = Release|Any CPU
		{27F5F614-3609-4847-AA36-9F4CF78B1FAF}.Release|iPhoneSimulator.ActiveCfg = Release|Any CPU
		{27F5F614-3609-4847-AA36-9F4CF78B1FAF}.Release|iPhoneSimulator.Build.0 = Release|Any CPU
		{27F5F614-3609-4847-AA36-9F4CF78B1FAF}.Release|x64.ActiveCfg = Release|Any CPU
		{27F5F614-3609-4847-AA36-9F4CF78B1FAF}.Release|x64.Build.0 = Release|Any CPU
		{27F5F614-3609-4847-AA36-9F4CF78B1FAF}.Release|x86.ActiveCfg = Release|Any CPU
		{27F5F614-3609-4847-AA36-9F4CF78B1FAF}.Release|x86.Build.0 = Release|Any CPU
	EndGlobalSection
	GlobalSection(SolutionProperties) = preSolution
		HideSolutionNode = FALSE
	EndGlobalSection
	GlobalSection(ExtensibilityGlobals) = postSolution
		SolutionGuid = {066B3CE1-EEEC-4A51-BEBD-7A5C337680F3}
	EndGlobalSection
	GlobalSection(MonoDevelopProperties) = preSolution
		version = 1.0.0
	EndGlobalSection
EndGlobal
